// !$*UTF8*$!
{
	archiveVersion = 1;
	classes = {
	};
	objectVersion = 56;
	objects = {

/* Begin PBXBuildFile section */
		B8F847822C89E63500F905FE /* DataHandlingApp.swift in Sources */ = {isa = PBXBuildFile; fileRef = B8F847812C89E63500F905FE /* DataHandlingApp.swift */; };
		B8F847842C89E63500F905FE /* ContentView.swift in Sources */ = {isa = PBXBuildFile; fileRef = B8F847832C89E63500F905FE /* ContentView.swift */; };
		B8F847862C89E63900F905FE /* Assets.xcassets in Resources */ = {isa = PBXBuildFile; fileRef = B8F847852C89E63900F905FE /* Assets.xcassets */; };
		B8F847892C89E63900F905FE /* Preview Assets.xcassets in Resources */ = {isa = PBXBuildFile; fileRef = B8F847882C89E63900F905FE /* Preview Assets.xcassets */; };
		B8F847932C89E63900F905FE /* DataHandlingTests.swift in Sources */ = {isa = PBXBuildFile; fileRef = B8F847922C89E63900F905FE /* DataHandlingTests.swift */; };
		B8F8479D2C89E63900F905FE /* DataHandlingUITests.swift in Sources */ = {isa = PBXBuildFile; fileRef = B8F8479C2C89E63900F905FE /* DataHandlingUITests.swift */; };
		B8F8479F2C89E63900F905FE /* DataHandlingUITestsLaunchTests.swift in Sources */ = {isa = PBXBuildFile; fileRef = B8F8479E2C89E63900F905FE /* DataHandlingUITestsLaunchTests.swift */; };
		B8F847AC2C89E71400F905FE /* FirstView.swift in Sources */ = {isa = PBXBuildFile; fileRef = B8F847AB2C89E71400F905FE /* FirstView.swift */; };
		B8F847AE2C89E72200F905FE /* SecondView.swift in Sources */ = {isa = PBXBuildFile; fileRef = B8F847AD2C89E72100F905FE /* SecondView.swift */; };
		B8F847B02C89E72A00F905FE /* ThirdView.swift in Sources */ = {isa = PBXBuildFile; fileRef = B8F847AF2C89E72A00F905FE /* ThirdView.swift */; };
		B8F847B72C89E8A400F905FE /* Landmark.swift in Sources */ = {isa = PBXBuildFile; fileRef = B8F847B62C89E8A400F905FE /* Landmark.swift */; };
		B8F847B92C89E98800F905FE /* Hike.swift in Sources */ = {isa = PBXBuildFile; fileRef = B8F847B82C89E98800F905FE /* Hike.swift */; };
		B8F847BC2C89EA0600F905FE /* ModelData.swift in Sources */ = {isa = PBXBuildFile; fileRef = B8F847BB2C89EA0600F905FE /* ModelData.swift */; };
		B8F847BD2C89EE4A00F905FE /* landmarkData.json in Resources */ = {isa = PBXBuildFile; fileRef = B8F847B22C89E84F00F905FE /* landmarkData.json */; };
		B8F847BE2C89EE4E00F905FE /* hikeData.json in Resources */ = {isa = PBXBuildFile; fileRef = B8F847B12C89E84F00F905FE /* hikeData.json */; };
		B8F847BF2C89EE4F00F905FE /* hikeData.json in Resources */ = {isa = PBXBuildFile; fileRef = B8F847B12C89E84F00F905FE /* hikeData.json */; };
		B8F847C02C89EE5100F905FE /* landmarkData.json in Resources */ = {isa = PBXBuildFile; fileRef = B8F847B22C89E84F00F905FE /* landmarkData.json */; };
/* End PBXBuildFile section */

/* Begin PBXContainerItemProxy section */
		B8F8478F2C89E63900F905FE /* PBXContainerItemProxy */ = {
			isa = PBXContainerItemProxy;
			containerPortal = B8F847762C89E63500F905FE /* Project object */;
			proxyType = 1;
			remoteGlobalIDString = B8F8477D2C89E63500F905FE;
			remoteInfo = DataHandling;
		};
		B8F847992C89E63900F905FE /* PBXContainerItemProxy */ = {
			isa = PBXContainerItemProxy;
			containerPortal = B8F847762C89E63500F905FE /* Project object */;
			proxyType = 1;
			remoteGlobalIDString = B8F8477D2C89E63500F905FE;
			remoteInfo = DataHandling;
		};
/* End PBXContainerItemProxy section */

/* Begin PBXFileReference section */
		B8F8477E2C89E63500F905FE /* DataHandling.app */ = {isa = PBXFileReference; explicitFileType = wrapper.application; includeInIndex = 0; path = DataHandling.app; sourceTree = BUILT_PRODUCTS_DIR; };
		B8F847812C89E63500F905FE /* DataHandlingApp.swift */ = {isa = PBXFileReference; lastKnownFileType = sourcecode.swift; path = DataHandlingApp.swift; sourceTree = "<group>"; };
		B8F847832C89E63500F905FE /* ContentView.swift */ = {isa = PBXFileReference; lastKnownFileType = sourcecode.swift; path = ContentView.swift; sourceTree = "<group>"; };
		B8F847852C89E63900F905FE /* Assets.xcassets */ = {isa = PBXFileReference; lastKnownFileType = folder.assetcatalog; path = Assets.xcassets; sourceTree = "<group>"; };
		B8F847882C89E63900F905FE /* Preview Assets.xcassets */ = {isa = PBXFileReference; lastKnownFileType = folder.assetcatalog; path = "Preview Assets.xcassets"; sourceTree = "<group>"; };
		B8F8478E2C89E63900F905FE /* DataHandlingTests.xctest */ = {isa = PBXFileReference; explicitFileType = wrapper.cfbundle; includeInIndex = 0; path = DataHandlingTests.xctest; sourceTree = BUILT_PRODUCTS_DIR; };
		B8F847922C89E63900F905FE /* DataHandlingTests.swift */ = {isa = PBXFileReference; lastKnownFileType = sourcecode.swift; path = DataHandlingTests.swift; sourceTree = "<group>"; };
		B8F847982C89E63900F905FE /* DataHandlingUITests.xctest */ = {isa = PBXFileReference; explicitFileType = wrapper.cfbundle; includeInIndex = 0; path = DataHandlingUITests.xctest; sourceTree = BUILT_PRODUCTS_DIR; };
		B8F8479C2C89E63900F905FE /* DataHandlingUITests.swift */ = {isa = PBXFileReference; lastKnownFileType = sourcecode.swift; path = DataHandlingUITests.swift; sourceTree = "<group>"; };
		B8F8479E2C89E63900F905FE /* DataHandlingUITestsLaunchTests.swift */ = {isa = PBXFileReference; lastKnownFileType = sourcecode.swift; path = DataHandlingUITestsLaunchTests.swift; sourceTree = "<group>"; };
		B8F847AB2C89E71400F905FE /* FirstView.swift */ = {isa = PBXFileReference; lastKnownFileType = sourcecode.swift; path = FirstView.swift; sourceTree = "<group>"; };
		B8F847AD2C89E72100F905FE /* SecondView.swift */ = {isa = PBXFileReference; lastKnownFileType = sourcecode.swift; path = SecondView.swift; sourceTree = "<group>"; };
		B8F847AF2C89E72A00F905FE /* ThirdView.swift */ = {isa = PBXFileReference; lastKnownFileType = sourcecode.swift; path = ThirdView.swift; sourceTree = "<group>"; };
		B8F847B12C89E84F00F905FE /* hikeData.json */ = {isa = PBXFileReference; fileEncoding = 4; lastKnownFileType = text.json; path = hikeData.json; sourceTree = "<group>"; };
		B8F847B22C89E84F00F905FE /* landmarkData.json */ = {isa = PBXFileReference; fileEncoding = 4; lastKnownFileType = text.json; path = landmarkData.json; sourceTree = "<group>"; };
		B8F847B62C89E8A400F905FE /* Landmark.swift */ = {isa = PBXFileReference; lastKnownFileType = sourcecode.swift; path = Landmark.swift; sourceTree = "<group>"; };
		B8F847B82C89E98800F905FE /* Hike.swift */ = {isa = PBXFileReference; lastKnownFileType = sourcecode.swift; path = Hike.swift; sourceTree = "<group>"; };
		B8F847BB2C89EA0600F905FE /* ModelData.swift */ = {isa = PBXFileReference; lastKnownFileType = sourcecode.swift; path = ModelData.swift; sourceTree = "<group>"; };
/* End PBXFileReference section */

/* Begin PBXFrameworksBuildPhase section */
		B8F8477B2C89E63500F905FE /* Frameworks */ = {
			isa = PBXFrameworksBuildPhase;
			buildActionMask = 2147483647;
			files = (
			);
			runOnlyForDeploymentPostprocessing = 0;
		};
		B8F8478B2C89E63900F905FE /* Frameworks */ = {
			isa = PBXFrameworksBuildPhase;
			buildActionMask = 2147483647;
			files = (
			);
			runOnlyForDeploymentPostprocessing = 0;
		};
		B8F847952C89E63900F905FE /* Frameworks */ = {
			isa = PBXFrameworksBuildPhase;
			buildActionMask = 2147483647;
			files = (
			);
			runOnlyForDeploymentPostprocessing = 0;
		};
/* End PBXFrameworksBuildPhase section */

/* Begin PBXGroup section */
		B8F847752C89E63500F905FE = {
			isa = PBXGroup;
			children = (
				B8F847812C89E63500F905FE /* DataHandlingApp.swift */,
				B8F847B32C89E84F00F905FE /* Resources */,
				B8F847BA2C89E9A300F905FE /* Model */,
				B8F847802C89E63500F905FE /* DataHandling */,
				B8F847912C89E63900F905FE /* DataHandlingTests */,
				B8F8479B2C89E63900F905FE /* DataHandlingUITests */,
				B8F8477F2C89E63500F905FE /* Products */,
			);
			sourceTree = "<group>";
		};
		B8F8477F2C89E63500F905FE /* Products */ = {
			isa = PBXGroup;
			children = (
				B8F8477E2C89E63500F905FE /* DataHandling.app */,
				B8F8478E2C89E63900F905FE /* DataHandlingTests.xctest */,
				B8F847982C89E63900F905FE /* DataHandlingUITests.xctest */,
			);
			name = Products;
			sourceTree = "<group>";
		};
		B8F847802C89E63500F905FE /* DataHandling */ = {
			isa = PBXGroup;
			children = (
				B8F847832C89E63500F905FE /* ContentView.swift */,
				B8F847AD2C89E72100F905FE /* SecondView.swift */,
				B8F847AF2C89E72A00F905FE /* ThirdView.swift */,
				B8F847AB2C89E71400F905FE /* FirstView.swift */,
				B8F847852C89E63900F905FE /* Assets.xcassets */,
				B8F847872C89E63900F905FE /* Preview Content */,
			);
			path = DataHandling;
			sourceTree = "<group>";
		};
		B8F847872C89E63900F905FE /* Preview Content */ = {
			isa = PBXGroup;
			children = (
				B8F847882C89E63900F905FE /* Preview Assets.xcassets */,
			);
			path = "Preview Content";
			sourceTree = "<group>";
		};
		B8F847912C89E63900F905FE /* DataHandlingTests */ = {
			isa = PBXGroup;
			children = (
				B8F847922C89E63900F905FE /* DataHandlingTests.swift */,
			);
			path = DataHandlingTests;
			sourceTree = "<group>";
		};
		B8F8479B2C89E63900F905FE /* DataHandlingUITests */ = {
			isa = PBXGroup;
			children = (
				B8F8479C2C89E63900F905FE /* DataHandlingUITests.swift */,
				B8F8479E2C89E63900F905FE /* DataHandlingUITestsLaunchTests.swift */,
			);
			path = DataHandlingUITests;
			sourceTree = "<group>";
		};
		B8F847B32C89E84F00F905FE /* Resources */ = {
			isa = PBXGroup;
			children = (
				B8F847B12C89E84F00F905FE /* hikeData.json */,
				B8F847B22C89E84F00F905FE /* landmarkData.json */,
			);
			path = Resources;
			sourceTree = "<group>";
		};
		B8F847BA2C89E9A300F905FE /* Model */ = {
			isa = PBXGroup;
			children = (
				B8F847B62C89E8A400F905FE /* Landmark.swift */,
				B8F847B82C89E98800F905FE /* Hike.swift */,
				B8F847BB2C89EA0600F905FE /* ModelData.swift */,
			);
			path = Model;
			sourceTree = "<group>";
		};
/* End PBXGroup section */

/* Begin PBXNativeTarget section */
		B8F8477D2C89E63500F905FE /* DataHandling */ = {
			isa = PBXNativeTarget;
			buildConfigurationList = B8F847A22C89E63900F905FE /* Build configuration list for PBXNativeTarget "DataHandling" */;
			buildPhases = (
				B8F8477A2C89E63500F905FE /* Sources */,
				B8F8477B2C89E63500F905FE /* Frameworks */,
				B8F8477C2C89E63500F905FE /* Resources */,
			);
			buildRules = (
			);
			dependencies = (
			);
			name = DataHandling;
			productName = DataHandling;
			productReference = B8F8477E2C89E63500F905FE /* DataHandling.app */;
			productType = "com.apple.product-type.application";
		};
		B8F8478D2C89E63900F905FE /* DataHandlingTests */ = {
			isa = PBXNativeTarget;
			buildConfigurationList = B8F847A52C89E63900F905FE /* Build configuration list for PBXNativeTarget "DataHandlingTests" */;
			buildPhases = (
				B8F8478A2C89E63900F905FE /* Sources */,
				B8F8478B2C89E63900F905FE /* Frameworks */,
				B8F8478C2C89E63900F905FE /* Resources */,
			);
			buildRules = (
			);
			dependencies = (
				B8F847902C89E63900F905FE /* PBXTargetDependency */,
			);
			name = DataHandlingTests;
			productName = DataHandlingTests;
			productReference = B8F8478E2C89E63900F905FE /* DataHandlingTests.xctest */;
			productType = "com.apple.product-type.bundle.unit-test";
		};
		B8F847972C89E63900F905FE /* DataHandlingUITests */ = {
			isa = PBXNativeTarget;
			buildConfigurationList = B8F847A82C89E63900F905FE /* Build configuration list for PBXNativeTarget "DataHandlingUITests" */;
			buildPhases = (
				B8F847942C89E63900F905FE /* Sources */,
				B8F847952C89E63900F905FE /* Frameworks */,
				B8F847962C89E63900F905FE /* Resources */,
			);
			buildRules = (
			);
			dependencies = (
				B8F8479A2C89E63900F905FE /* PBXTargetDependency */,
			);
			name = DataHandlingUITests;
			productName = DataHandlingUITests;
			productReference = B8F847982C89E63900F905FE /* DataHandlingUITests.xctest */;
			productType = "com.apple.product-type.bundle.ui-testing";
		};
/* End PBXNativeTarget section */

/* Begin PBXProject section */
		B8F847762C89E63500F905FE /* Project object */ = {
			isa = PBXProject;
			attributes = {
				BuildIndependentTargetsInParallel = 1;
				LastSwiftUpdateCheck = 1540;
				LastUpgradeCheck = 1540;
				TargetAttributes = {
					B8F8477D2C89E63500F905FE = {
						CreatedOnToolsVersion = 15.4;
					};
					B8F8478D2C89E63900F905FE = {
						CreatedOnToolsVersion = 15.4;
						TestTargetID = B8F8477D2C89E63500F905FE;
					};
					B8F847972C89E63900F905FE = {
						CreatedOnToolsVersion = 15.4;
						TestTargetID = B8F8477D2C89E63500F905FE;
					};
				};
			};
			buildConfigurationList = B8F847792C89E63500F905FE /* Build configuration list for PBXProject "DataHandling" */;
			compatibilityVersion = "Xcode 14.0";
			developmentRegion = en;
			hasScannedForEncodings = 0;
			knownRegions = (
				en,
				Base,
			);
			mainGroup = B8F847752C89E63500F905FE;
			productRefGroup = B8F8477F2C89E63500F905FE /* Products */;
			projectDirPath = "";
			projectRoot = "";
			targets = (
				B8F8477D2C89E63500F905FE /* DataHandling */,
				B8F8478D2C89E63900F905FE /* DataHandlingTests */,
				B8F847972C89E63900F905FE /* DataHandlingUITests */,
			);
		};
/* End PBXProject section */

/* Begin PBXResourcesBuildPhase section */
		B8F8477C2C89E63500F905FE /* Resources */ = {
			isa = PBXResourcesBuildPhase;
			buildActionMask = 2147483647;
			files = (
				B8F847BE2C89EE4E00F905FE /* hikeData.json in Resources */,
				B8F847892C89E63900F905FE /* Preview Assets.xcassets in Resources */,
				B8F847862C89E63900F905FE /* Assets.xcassets in Resources */,
				B8F847BD2C89EE4A00F905FE /* landmarkData.json in Resources */,
			);
			runOnlyForDeploymentPostprocessing = 0;
		};
		B8F8478C2C89E63900F905FE /* Resources */ = {
			isa = PBXResourcesBuildPhase;
			buildActionMask = 2147483647;
			files = (
			);
			runOnlyForDeploymentPostprocessing = 0;
		};
		B8F847962C89E63900F905FE /* Resources */ = {
			isa = PBXResourcesBuildPhase;
			buildActionMask = 2147483647;
			files = (
				B8F847BF2C89EE4F00F905FE /* hikeData.json in Resources */,
				B8F847C02C89EE5100F905FE /* landmarkData.json in Resources */,
			);
			runOnlyForDeploymentPostprocessing = 0;
		};
/* End PBXResourcesBuildPhase section */

/* Begin PBXSourcesBuildPhase section */
		B8F8477A2C89E63500F905FE /* Sources */ = {
			isa = PBXSourcesBuildPhase;
			buildActionMask = 2147483647;
			files = (
				B8F847842C89E63500F905FE /* ContentView.swift in Sources */,
				B8F847B02C89E72A00F905FE /* ThirdView.swift in Sources */,
				B8F847AC2C89E71400F905FE /* FirstView.swift in Sources */,
				B8F847B92C89E98800F905FE /* Hike.swift in Sources */,
				B8F847AE2C89E72200F905FE /* SecondView.swift in Sources */,
				B8F847BC2C89EA0600F905FE /* ModelData.swift in Sources */,
				B8F847822C89E63500F905FE /* DataHandlingApp.swift in Sources */,
				B8F847B72C89E8A400F905FE /* Landmark.swift in Sources */,
			);
			runOnlyForDeploymentPostprocessing = 0;
		};
		B8F8478A2C89E63900F905FE /* Sources */ = {
			isa = PBXSourcesBuildPhase;
			buildActionMask = 2147483647;
			files = (
				B8F847932C89E63900F905FE /* DataHandlingTests.swift in Sources */,
			);
			runOnlyForDeploymentPostprocessing = 0;
		};
		B8F847942C89E63900F905FE /* Sources */ = {
			isa = PBXSourcesBuildPhase;
			buildActionMask = 2147483647;
			files = (
				B8F8479D2C89E63900F905FE /* DataHandlingUITests.swift in Sources */,
				B8F8479F2C89E63900F905FE /* DataHandlingUITestsLaunchTests.swift in Sources */,
			);
			runOnlyForDeploymentPostprocessing = 0;
		};
/* End PBXSourcesBuildPhase section */

/* Begin PBXTargetDependency section */
		B8F847902C89E63900F905FE /* PBXTargetDependency */ = {
			isa = PBXTargetDependency;
			target = B8F8477D2C89E63500F905FE /* DataHandling */;
			targetProxy = B8F8478F2C89E63900F905FE /* PBXContainerItemProxy */;
		};
		B8F8479A2C89E63900F905FE /* PBXTargetDependency */ = {
			isa = PBXTargetDependency;
			target = B8F8477D2C89E63500F905FE /* DataHandling */;
			targetProxy = B8F847992C89E63900F905FE /* PBXContainerItemProxy */;
		};
/* End PBXTargetDependency section */

/* Begin XCBuildConfiguration section */
		B8F847A02C89E63900F905FE /* Debug */ = {
			isa = XCBuildConfiguration;
			buildSettings = {
				ALWAYS_SEARCH_USER_PATHS = NO;
				ASSETCATALOG_COMPILER_GENERATE_SWIFT_ASSET_SYMBOL_EXTENSIONS = YES;
				CLANG_ANALYZER_NONNULL = YES;
				CLANG_ANALYZER_NUMBER_OBJECT_CONVERSION = YES_AGGRESSIVE;
				CLANG_CXX_LANGUAGE_STANDARD = "gnu++20";
				CLANG_ENABLE_MODULES = YES;
				CLANG_ENABLE_OBJC_ARC = YES;
				CLANG_ENABLE_OBJC_WEAK = YES;
				CLANG_WARN_BLOCK_CAPTURE_AUTORELEASING = YES;
				CLANG_WARN_BOOL_CONVERSION = YES;
				CLANG_WARN_COMMA = YES;
				CLANG_WARN_CONSTANT_CONVERSION = YES;
				CLANG_WARN_DEPRECATED_OBJC_IMPLEMENTATIONS = YES;
				CLANG_WARN_DIRECT_OBJC_ISA_USAGE = YES_ERROR;
				CLANG_WARN_DOCUMENTATION_COMMENTS = YES;
				CLANG_WARN_EMPTY_BODY = YES;
				CLANG_WARN_ENUM_CONVERSION = YES;
				CLANG_WARN_INFINITE_RECURSION = YES;
				CLANG_WARN_INT_CONVERSION = YES;
				CLANG_WARN_NON_LITERAL_NULL_CONVERSION = YES;
				CLANG_WARN_OBJC_IMPLICIT_RETAIN_SELF = YES;
				CLANG_WARN_OBJC_LITERAL_CONVERSION = YES;
				CLANG_WARN_OBJC_ROOT_CLASS = YES_ERROR;
				CLANG_WARN_QUOTED_INCLUDE_IN_FRAMEWORK_HEADER = YES;
				CLANG_WARN_RANGE_LOOP_ANALYSIS = YES;
				CLANG_WARN_STRICT_PROTOTYPES = YES;
				CLANG_WARN_SUSPICIOUS_MOVE = YES;
				CLANG_WARN_UNGUARDED_AVAILABILITY = YES_AGGRESSIVE;
				CLANG_WARN_UNREACHABLE_CODE = YES;
				CLANG_WARN__DUPLICATE_METHOD_MATCH = YES;
				COPY_PHASE_STRIP = NO;
				DEBUG_INFORMATION_FORMAT = dwarf;
				ENABLE_STRICT_OBJC_MSGSEND = YES;
				ENABLE_TESTABILITY = YES;
				ENABLE_USER_SCRIPT_SANDBOXING = YES;
				GCC_C_LANGUAGE_STANDARD = gnu17;
				GCC_DYNAMIC_NO_PIC = NO;
				GCC_NO_COMMON_BLOCKS = YES;
				GCC_OPTIMIZATION_LEVEL = 0;
				GCC_PREPROCESSOR_DEFINITIONS = (
					"DEBUG=1",
					"$(inherited)",
				);
				GCC_WARN_64_TO_32_BIT_CONVERSION = YES;
				GCC_WARN_ABOUT_RETURN_TYPE = YES_ERROR;
				GCC_WARN_UNDECLARED_SELECTOR = YES;
				GCC_WARN_UNINITIALIZED_AUTOS = YES_AGGRESSIVE;
				GCC_WARN_UNUSED_FUNCTION = YES;
				GCC_WARN_UNUSED_VARIABLE = YES;
				IPHONEOS_DEPLOYMENT_TARGET = 17.5;
				LOCALIZATION_PREFERS_STRING_CATALOGS = YES;
				MTL_ENABLE_DEBUG_INFO = INCLUDE_SOURCE;
				MTL_FAST_MATH = YES;
				ONLY_ACTIVE_ARCH = YES;
				SDKROOT = iphoneos;
				SWIFT_ACTIVE_COMPILATION_CONDITIONS = "DEBUG $(inherited)";
				SWIFT_OPTIMIZATION_LEVEL = "-Onone";
			};
			name = Debug;
		};
		B8F847A12C89E63900F905FE /* Release */ = {
			isa = XCBuildConfiguration;
			buildSettings = {
				ALWAYS_SEARCH_USER_PATHS = NO;
				ASSETCATALOG_COMPILER_GENERATE_SWIFT_ASSET_SYMBOL_EXTENSIONS = YES;
				CLANG_ANALYZER_NONNULL = YES;
				CLANG_ANALYZER_NUMBER_OBJECT_CONVERSION = YES_AGGRESSIVE;
				CLANG_CXX_LANGUAGE_STANDARD = "gnu++20";
				CLANG_ENABLE_MODULES = YES;
				CLANG_ENABLE_OBJC_ARC = YES;
				CLANG_ENABLE_OBJC_WEAK = YES;
				CLANG_WARN_BLOCK_CAPTURE_AUTORELEASING = YES;
				CLANG_WARN_BOOL_CONVERSION = YES;
				CLANG_WARN_COMMA = YES;
				CLANG_WARN_CONSTANT_CONVERSION = YES;
				CLANG_WARN_DEPRECATED_OBJC_IMPLEMENTATIONS = YES;
				CLANG_WARN_DIRECT_OBJC_ISA_USAGE = YES_ERROR;
				CLANG_WARN_DOCUMENTATION_COMMENTS = YES;
				CLANG_WARN_EMPTY_BODY = YES;
				CLANG_WARN_ENUM_CONVERSION = YES;
				CLANG_WARN_INFINITE_RECURSION = YES;
				CLANG_WARN_INT_CONVERSION = YES;
				CLANG_WARN_NON_LITERAL_NULL_CONVERSION = YES;
				CLANG_WARN_OBJC_IMPLICIT_RETAIN_SELF = YES;
				CLANG_WARN_OBJC_LITERAL_CONVERSION = YES;
				CLANG_WARN_OBJC_ROOT_CLASS = YES_ERROR;
				CLANG_WARN_QUOTED_INCLUDE_IN_FRAMEWORK_HEADER = YES;
				CLANG_WARN_RANGE_LOOP_ANALYSIS = YES;
				CLANG_WARN_STRICT_PROTOTYPES = YES;
				CLANG_WARN_SUSPICIOUS_MOVE = YES;
				CLANG_WARN_UNGUARDED_AVAILABILITY = YES_AGGRESSIVE;
				CLANG_WARN_UNREACHABLE_CODE = YES;
				CLANG_WARN__DUPLICATE_METHOD_MATCH = YES;
				COPY_PHASE_STRIP = NO;
				DEBUG_INFORMATION_FORMAT = "dwarf-with-dsym";
				ENABLE_NS_ASSERTIONS = NO;
				ENABLE_STRICT_OBJC_MSGSEND = YES;
				ENABLE_USER_SCRIPT_SANDBOXING = YES;
				GCC_C_LANGUAGE_STANDARD = gnu17;
				GCC_NO_COMMON_BLOCKS = YES;
				GCC_WARN_64_TO_32_BIT_CONVERSION = YES;
				GCC_WARN_ABOUT_RETURN_TYPE = YES_ERROR;
				GCC_WARN_UNDECLARED_SELECTOR = YES;
				GCC_WARN_UNINITIALIZED_AUTOS = YES_AGGRESSIVE;
				GCC_WARN_UNUSED_FUNCTION = YES;
				GCC_WARN_UNUSED_VARIABLE = YES;
				IPHONEOS_DEPLOYMENT_TARGET = 17.5;
				LOCALIZATION_PREFERS_STRING_CATALOGS = YES;
				MTL_ENABLE_DEBUG_INFO = NO;
				MTL_FAST_MATH = YES;
				SDKROOT = iphoneos;
				SWIFT_COMPILATION_MODE = wholemodule;
				VALIDATE_PRODUCT = YES;
			};
			name = Release;
		};
		B8F847A32C89E63900F905FE /* Debug */ = {
			isa = XCBuildConfiguration;
			buildSettings = {
				ASSETCATALOG_COMPILER_APPICON_NAME = AppIcon;
				ASSETCATALOG_COMPILER_GLOBAL_ACCENT_COLOR_NAME = AccentColor;
				CODE_SIGN_STYLE = Automatic;
				CURRENT_PROJECT_VERSION = 1;
				DEVELOPMENT_ASSET_PATHS = "\"DataHandling/Preview Content\"";
				DEVELOPMENT_TEAM = K5Z7TM9J83;
				ENABLE_PREVIEWS = YES;
				GENERATE_INFOPLIST_FILE = YES;
				INFOPLIST_KEY_UIApplicationSceneManifest_Generation = YES;
				INFOPLIST_KEY_UIApplicationSupportsIndirectInputEvents = YES;
				INFOPLIST_KEY_UILaunchScreen_Generation = YES;
				INFOPLIST_KEY_UISupportedInterfaceOrientations_iPad = "UIInterfaceOrientationPortrait UIInterfaceOrientationPortraitUpsideDown UIInterfaceOrientationLandscapeLeft UIInterfaceOrientationLandscapeRight";
				INFOPLIST_KEY_UISupportedInterfaceOrientations_iPhone = "UIInterfaceOrientationPortrait UIInterfaceOrientationLandscapeLeft UIInterfaceOrientationLandscapeRight";
				LD_RUNPATH_SEARCH_PATHS = (
					"$(inherited)",
					"@executable_path/Frameworks",
				);
				MARKETING_VERSION = 1.0;
				PRODUCT_BUNDLE_IDENTIFIER = com.learning.DataModeling.DataHandling;
				PRODUCT_NAME = "$(TARGET_NAME)";
				SWIFT_EMIT_LOC_STRINGS = YES;
				SWIFT_VERSION = 5.0;
				TARGETED_DEVICE_FAMILY = "1,2";
			};
			name = Debug;
		};
		B8F847A42C89E63900F905FE /* Release */ = {
			isa = XCBuildConfiguration;
			buildSettings = {
				ASSETCATALOG_COMPILER_APPICON_NAME = AppIcon;
				ASSETCATALOG_COMPILER_GLOBAL_ACCENT_COLOR_NAME = AccentColor;
				CODE_SIGN_STYLE = Automatic;
				CURRENT_PROJECT_VERSION = 1;
				DEVELOPMENT_ASSET_PATHS = "\"DataHandling/Preview Content\"";
				DEVELOPMENT_TEAM = K5Z7TM9J83;
				ENABLE_PREVIEWS = YES;
				GENERATE_INFOPLIST_FILE = YES;
				INFOPLIST_KEY_UIApplicationSceneManifest_Generation = YES;
				INFOPLIST_KEY_UIApplicationSupportsIndirectInputEvents = YES;
				INFOPLIST_KEY_UILaunchScreen_Generation = YES;
				INFOPLIST_KEY_UISupportedInterfaceOrientations_iPad = "UIInterfaceOrientationPortrait UIInterfaceOrientationPortraitUpsideDown UIInterfaceOrientationLandscapeLeft UIInterfaceOrientationLandscapeRight";
				INFOPLIST_KEY_UISupportedInterfaceOrientations_iPhone = "UIInterfaceOrientationPortrait UIInterfaceOrientationLandscapeLeft UIInterfaceOrientationLandscapeRight";
				LD_RUNPATH_SEARCH_PATHS = (
					"$(inherited)",
					"@executable_path/Frameworks",
				);
				MARKETING_VERSION = 1.0;
				PRODUCT_BUNDLE_IDENTIFIER = com.learning.DataModeling.DataHandling;
				PRODUCT_NAME = "$(TARGET_NAME)";
				SWIFT_EMIT_LOC_STRINGS = YES;
				SWIFT_VERSION = 5.0;
				TARGETED_DEVICE_FAMILY = "1,2";
			};
			name = Release;
		};
		B8F847A62C89E63900F905FE /* Debug */ = {
			isa = XCBuildConfiguration;
			buildSettings = {
				ALWAYS_EMBED_SWIFT_STANDARD_LIBRARIES = YES;
				BUNDLE_LOADER = "$(TEST_HOST)";
				CODE_SIGN_STYLE = Automatic;
				CURRENT_PROJECT_VERSION = 1;
				DEVELOPMENT_TEAM = K5Z7TM9J83;
				GENERATE_INFOPLIST_FILE = YES;
				IPHONEOS_DEPLOYMENT_TARGET = 17.5;
				MARKETING_VERSION = 1.0;
				PRODUCT_BUNDLE_IDENTIFIER = com.learning.DataModeling.DataHandlingTests;
				PRODUCT_NAME = "$(TARGET_NAME)";
				SWIFT_EMIT_LOC_STRINGS = NO;
				SWIFT_VERSION = 5.0;
				TARGETED_DEVICE_FAMILY = "1,2";
				TEST_HOST = "$(BUILT_PRODUCTS_DIR)/DataHandling.app/$(BUNDLE_EXECUTABLE_FOLDER_PATH)/DataHandling";
			};
			name = Debug;
		};
		B8F847A72C89E63900F905FE /* Release */ = {
			isa = XCBuildConfiguration;
			buildSettings = {
				ALWAYS_EMBED_SWIFT_STANDARD_LIBRARIES = YES;
				BUNDLE_LOADER = "$(TEST_HOST)";
				CODE_SIGN_STYLE = Automatic;
				CURRENT_PROJECT_VERSION = 1;
				DEVELOPMENT_TEAM = K5Z7TM9J83;
				GENERATE_INFOPLIST_FILE = YES;
				IPHONEOS_DEPLOYMENT_TARGET = 17.5;
				MARKETING_VERSION = 1.0;
				PRODUCT_BUNDLE_IDENTIFIER = com.learning.DataModeling.DataHandlingTests;
				PRODUCT_NAME = "$(TARGET_NAME)";
				SWIFT_EMIT_LOC_STRINGS = NO;
				SWIFT_VERSION = 5.0;
				TARGETED_DEVICE_FAMILY = "1,2";
				TEST_HOST = "$(BUILT_PRODUCTS_DIR)/DataHandling.app/$(BUNDLE_EXECUTABLE_FOLDER_PATH)/DataHandling";
			};
			name = Release;
		};
		B8F847A92C89E63900F905FE /* Debug */ = {
			isa = XCBuildConfiguration;
			buildSettings = {
				ALWAYS_EMBED_SWIFT_STANDARD_LIBRARIES = YES;
				CODE_SIGN_STYLE = Automatic;
				CURRENT_PROJECT_VERSION = 1;
				DEVELOPMENT_TEAM = K5Z7TM9J83;
				GENERATE_INFOPLIST_FILE = YES;
				MARKETING_VERSION = 1.0;
				PRODUCT_BUNDLE_IDENTIFIER = com.learning.DataModeling.DataHandlingUITests;
				PRODUCT_NAME = "$(TARGET_NAME)";
				SWIFT_EMIT_LOC_STRINGS = NO;
				SWIFT_VERSION = 5.0;
				TARGETED_DEVICE_FAMILY = "1,2";
				TEST_TARGET_NAME = DataHandling;
			};
			name = Debug;
		};
		B8F847AA2C89E63900F905FE /* Release */ = {
			isa = XCBuildConfiguration;
			buildSettings = {
				ALWAYS_EMBED_SWIFT_STANDARD_LIBRARIES = YES;
				CODE_SIGN_STYLE = Automatic;
				CURRENT_PROJECT_VERSION = 1;
				DEVELOPMENT_TEAM = K5Z7TM9J83;
				GENERATE_INFOPLIST_FILE = YES;
				MARKETING_VERSION = 1.0;
				PRODUCT_BUNDLE_IDENTIFIER = com.learning.DataModeling.DataHandlingUITests;
				PRODUCT_NAME = "$(TARGET_NAME)";
				SWIFT_EMIT_LOC_STRINGS = NO;
				SWIFT_VERSION = 5.0;
				TARGETED_DEVICE_FAMILY = "1,2";
				TEST_TARGET_NAME = DataHandling;
			};
			name = Release;
		};
/* End XCBuildConfiguration section */

/* Begin XCConfigurationList section */
		B8F847792C89E63500F905FE /* Build configuration list for PBXProject "DataHandling" */ = {
			isa = XCConfigurationList;
			buildConfigurations = (
				B8F847A02C89E63900F905FE /* Debug */,
				B8F847A12C89E63900F905FE /* Release */,
			);
			defaultConfigurationIsVisible = 0;
			defaultConfigurationName = Release;
		};
		B8F847A22C89E63900F905FE /* Build configuration list for PBXNativeTarget "DataHandling" */ = {
			isa = XCConfigurationList;
			buildConfigurations = (
				B8F847A32C89E63900F905FE /* Debug */,
				B8F847A42C89E63900F905FE /* Release */,
			);
			defaultConfigurationIsVisible = 0;
			defaultConfigurationName = Release;
		};
		B8F847A52C89E63900F905FE /* Build configuration list for PBXNativeTarget "DataHandlingTests" */ = {
			isa = XCConfigurationList;
			buildConfigurations = (
				B8F847A62C89E63900F905FE /* Debug */,
				B8F847A72C89E63900F905FE /* Release */,
			);
			defaultConfigurationIsVisible = 0;
			defaultConfigurationName = Release;
		};
		B8F847A82C89E63900F905FE /* Build configuration list for PBXNativeTarget "DataHandlingUITests" */ = {
			isa = XCConfigurationList;
			buildConfigurations = (
				B8F847A92C89E63900F905FE /* Debug */,
				B8F847AA2C89E63900F905FE /* Release */,
			);
			defaultConfigurationIsVisible = 0;
			defaultConfigurationName = Release;
		};
/* End XCConfigurationList section */
	};
	rootObject = B8F847762C89E63500F905FE /* Project object */;
}
